
Microsoft Visual Studio Solution File, Format Version 12.00
# Visual Studio Version 17
VisualStudioVersion = 17.4.33403.182
MinimumVisualStudioVersion = 10.0.40219.1
Project("{FAE04EC0-301F-11D3-BF4B-00C04F79EFBC}") = "Calculator", "Calculator\Calculator.csproj", "{98EBFF97-684B-4DE8-8AE9-C22EEA68DF5B}"
EndProject
Global
	GlobalSection(SolutionConfigurationPlatforms) = preSolution
		Debug|Any CPU = Debug|Any CPU
		Release|Any CPU = Release|Any CPU
	EndGlobalSection
	GlobalSection(ProjectConfigurationPlatforms) = postSolution
		{98EBFF97-684B-4DE8-8AE9-C22EEA68DF5B}.Debug|Any CPU.ActiveCfg = Debug|Any CPU
		{98EBFF97-684B-4DE8-8AE9-C22EEA68DF5B}.Debug|Any CPU.Build.0 = Debug|Any CPU
		{98EBFF97-684B-4DE8-8AE9-C22EEA68DF5B}.Release|Any CPU.ActiveCfg = Release|Any CPU
		{98EBFF97-684B-4DE8-8AE9-C22EEA68DF5B}.Release|Any CPU.Build.0 = Release|Any CPU
	EndGlobalSection
	GlobalSection(SolutionProperties) = preSolution
		HideSolutionNode = FALSE
	EndGlobalSection
	GlobalSection(ExtensibilityGlobals) = postSolution
		SolutionGuid = {4181F838-2385-4C7B-B638-037B2736E7F4}
	EndGlobalSection
EndGlobal
