
Microsoft Visual Studio Solution File, Format Version 12.00
# Visual Studio Version 17
VisualStudioVersion = 17.5.33414.496
MinimumVisualStudioVersion = 10.0.40219.1
Project("{FAE04EC0-301F-11D3-BF4B-00C04F79EFBC}") = "Calculator", "Calculator\Calculator.csproj", "{7D46937E-E7C8-43B0-8E1D-D19278185F5D}"
EndProject
Global
	GlobalSection(SolutionConfigurationPlatforms) = preSolution
		Debug|Any CPU = Debug|Any CPU
		Release|Any CPU = Release|Any CPU
	EndGlobalSection
	GlobalSection(ProjectConfigurationPlatforms) = postSolution
		{7D46937E-E7C8-43B0-8E1D-D19278185F5D}.Debug|Any CPU.ActiveCfg = Debug|Any CPU
		{7D46937E-E7C8-43B0-8E1D-D19278185F5D}.Debug|Any CPU.Build.0 = Debug|Any CPU
		{7D46937E-E7C8-43B0-8E1D-D19278185F5D}.Release|Any CPU.ActiveCfg = Release|Any CPU
		{7D46937E-E7C8-43B0-8E1D-D19278185F5D}.Release|Any CPU.Build.0 = Release|Any CPU
	EndGlobalSection
	GlobalSection(SolutionProperties) = preSolution
		HideSolutionNode = FALSE
	EndGlobalSection
	GlobalSection(ExtensibilityGlobals) = postSolution
		SolutionGuid = {288FB21B-ABD0-48A5-8D86-C91BC3F10BDF}
	EndGlobalSection
EndGlobal
